
Microsoft Visual Studio Solution File, Format Version 12.00
# Visual Studio 15
Project("{FAE04EC0-301F-11D3-BF4B-00C04F79EFBC}") = "Morpeh", "Morpeh.csproj", "{60555E62-2295-0261-086C-4855F2E07AE1}"
EndProject
Project("{FAE04EC0-301F-11D3-BF4B-00C04F79EFBC}") = "Assembly-CSharp", "Assembly-CSharp.csproj", "{6F1F8CCC-CD03-3ADE-71BD-D99247063C5E}"
EndProject
Project("{FAE04EC0-301F-11D3-BF4B-00C04F79EFBC}") = "Sirenix.OdinInspector.CompatibilityLayer", "Sirenix.OdinInspector.CompatibilityLayer.csproj", "{DF20CD4F-D0FD-C616-7C41-10B264158EF6}"
EndProject
Project("{FAE04EC0-301F-11D3-BF4B-00C04F79EFBC}") = "Morpeh.Tests.Runtime", "Morpeh.Tests.Runtime.csproj", "{52A47E35-1E97-41EC-2CA5-AADB66901501}"
EndProject
Project("{FAE04EC0-301F-11D3-BF4B-00C04F79EFBC}") = "Morpeh.Editor", "Morpeh.Editor.csproj", "{432A20A7-7E9E-D3F2-10BB-0BD4713B2024}"
EndProject
Project("{FAE04EC0-301F-11D3-BF4B-00C04F79EFBC}") = "Sirenix.OdinInspector.CompatibilityLayer.Editor", "Sirenix.OdinInspector.CompatibilityLayer.Editor.csproj", "{23D50CBD-CF3D-5F5D-9750-1F8C99742244}"
EndProject
Project("{FAE04EC0-301F-11D3-BF4B-00C04F79EFBC}") = "Assembly-CSharp-Editor-firstpass", "Assembly-CSharp-Editor-firstpass.csproj", "{36C70BE0-08B0-4F5D-B336-09D768832E29}"
EndProject
Project("{FAE04EC0-301F-11D3-BF4B-00C04F79EFBC}") = "Morpeh.Tests", "Morpeh.Tests.csproj", "{ECC74C87-803A-53DC-546A-B4C88D1D0774}"
EndProject
Global
	GlobalSection(SolutionConfigurationPlatforms) = preSolution
		Debug|Any CPU = Debug|Any CPU
		Release|Any CPU = Release|Any CPU
	EndGlobalSection
	GlobalSection(ProjectConfigurationPlatforms) = postSolution
		{60555E62-2295-0261-086C-4855F2E07AE1}.Debug|Any CPU.ActiveCfg = Debug|Any CPU
		{60555E62-2295-0261-086C-4855F2E07AE1}.Debug|Any CPU.Build.0 = Debug|Any CPU
		{60555E62-2295-0261-086C-4855F2E07AE1}.Release|Any CPU.ActiveCfg = Release|Any CPU
		{60555E62-2295-0261-086C-4855F2E07AE1}.Release|Any CPU.Build.0 = Release|Any CPU
		{6F1F8CCC-CD03-3ADE-71BD-D99247063C5E}.Debug|Any CPU.ActiveCfg = Debug|Any CPU
		{6F1F8CCC-CD03-3ADE-71BD-D99247063C5E}.Debug|Any CPU.Build.0 = Debug|Any CPU
		{6F1F8CCC-CD03-3ADE-71BD-D99247063C5E}.Release|Any CPU.ActiveCfg = Release|Any CPU
		{6F1F8CCC-CD03-3ADE-71BD-D99247063C5E}.Release|Any CPU.Build.0 = Release|Any CPU
		{DF20CD4F-D0FD-C616-7C41-10B264158EF6}.Debug|Any CPU.ActiveCfg = Debug|Any CPU
		{DF20CD4F-D0FD-C616-7C41-10B264158EF6}.Debug|Any CPU.Build.0 = Debug|Any CPU
		{DF20CD4F-D0FD-C616-7C41-10B264158EF6}.Release|Any CPU.ActiveCfg = Release|Any CPU
		{DF20CD4F-D0FD-C616-7C41-10B264158EF6}.Release|Any CPU.Build.0 = Release|Any CPU
		{52A47E35-1E97-41EC-2CA5-AADB66901501}.Debug|Any CPU.ActiveCfg = Debug|Any CPU
		{52A47E35-1E97-41EC-2CA5-AADB66901501}.Debug|Any CPU.Build.0 = Debug|Any CPU
		{52A47E35-1E97-41EC-2CA5-AADB66901501}.Release|Any CPU.ActiveCfg = Release|Any CPU
		{52A47E35-1E97-41EC-2CA5-AADB66901501}.Release|Any CPU.Build.0 = Release|Any CPU
		{432A20A7-7E9E-D3F2-10BB-0BD4713B2024}.Debug|Any CPU.ActiveCfg = Debug|Any CPU
		{432A20A7-7E9E-D3F2-10BB-0BD4713B2024}.Debug|Any CPU.Build.0 = Debug|Any CPU
		{432A20A7-7E9E-D3F2-10BB-0BD4713B2024}.Release|Any CPU.ActiveCfg = Release|Any CPU
		{432A20A7-7E9E-D3F2-10BB-0BD4713B2024}.Release|Any CPU.Build.0 = Release|Any CPU
		{23D50CBD-CF3D-5F5D-9750-1F8C99742244}.Debug|Any CPU.ActiveCfg = Debug|Any CPU
		{23D50CBD-CF3D-5F5D-9750-1F8C99742244}.Debug|Any CPU.Build.0 = Debug|Any CPU
		{23D50CBD-CF3D-5F5D-9750-1F8C99742244}.Release|Any CPU.ActiveCfg = Release|Any CPU
		{23D50CBD-CF3D-5F5D-9750-1F8C99742244}.Release|Any CPU.Build.0 = Release|Any CPU
		{36C70BE0-08B0-4F5D-B336-09D768832E29}.Debug|Any CPU.ActiveCfg = Debug|Any CPU
		{36C70BE0-08B0-4F5D-B336-09D768832E29}.Debug|Any CPU.Build.0 = Debug|Any CPU
		{36C70BE0-08B0-4F5D-B336-09D768832E29}.Release|Any CPU.ActiveCfg = Release|Any CPU
		{36C70BE0-08B0-4F5D-B336-09D768832E29}.Release|Any CPU.Build.0 = Release|Any CPU
		{ECC74C87-803A-53DC-546A-B4C88D1D0774}.Debug|Any CPU.ActiveCfg = Debug|Any CPU
		{ECC74C87-803A-53DC-546A-B4C88D1D0774}.Debug|Any CPU.Build.0 = Debug|Any CPU
		{ECC74C87-803A-53DC-546A-B4C88D1D0774}.Release|Any CPU.ActiveCfg = Release|Any CPU
		{ECC74C87-803A-53DC-546A-B4C88D1D0774}.Release|Any CPU.Build.0 = Release|Any CPU
	EndGlobalSection
	GlobalSection(SolutionProperties) = preSolution
		HideSolutionNode = FALSE
	EndGlobalSection
EndGlobal
